// !$*UTF8*$!
{
	archiveVersion = 1;
	classes = {
	};
	objectVersion = 56;
	objects = {

/* Begin PBXBuildFile section */
		C17A0A2D29ED50600030372A /* ApiManager.swift in Sources */ = {isa = PBXBuildFile; fileRef = C17A0A2C29ED50600030372A /* ApiManager.swift */; };
		C17A0A2F29ED506C0030372A /* ApiRouter.swift in Sources */ = {isa = PBXBuildFile; fileRef = C17A0A2E29ED506C0030372A /* ApiRouter.swift */; };
		C17A0A3129ED50EB0030372A /* NetworkSession.swift in Sources */ = {isa = PBXBuildFile; fileRef = C17A0A3029ED50EB0030372A /* NetworkSession.swift */; };
		C17A0A3329ED51220030372A /* ServiceNetworkSession.swift in Sources */ = {isa = PBXBuildFile; fileRef = C17A0A3229ED51220030372A /* ServiceNetworkSession.swift */; };
		C17A0A3529ED516C0030372A /* Localizable.strings in Resources */ = {isa = PBXBuildFile; fileRef = C17A0A3429ED516C0030372A /* Localizable.strings */; };
		C17A0A3729ED519A0030372A /* String+Extension.swift in Sources */ = {isa = PBXBuildFile; fileRef = C17A0A3629ED519A0030372A /* String+Extension.swift */; };
		C17A0A3C29ED59470030372A /* CollectionViewController.swift in Sources */ = {isa = PBXBuildFile; fileRef = C17A0A3B29ED59470030372A /* CollectionViewController.swift */; };
		C17A0A3E29ED59540030372A /* CollectionPresenter.swift in Sources */ = {isa = PBXBuildFile; fileRef = C17A0A3D29ED59540030372A /* CollectionPresenter.swift */; };
		C17A0A4029ED59600030372A /* CollectionInteractor.swift in Sources */ = {isa = PBXBuildFile; fileRef = C17A0A3F29ED59600030372A /* CollectionInteractor.swift */; };
		C17A0A4329ED5CB90030372A /* CollectionDataRequest.swift in Sources */ = {isa = PBXBuildFile; fileRef = C17A0A4229ED5CB90030372A /* CollectionDataRequest.swift */; };
		C17A0A4529ED5CCD0030372A /* CollectionDataResponse.swift in Sources */ = {isa = PBXBuildFile; fileRef = C17A0A4429ED5CCD0030372A /* CollectionDataResponse.swift */; };
		C17A0A4729ED5CE00030372A /* CollectionDataModel.swift in Sources */ = {isa = PBXBuildFile; fileRef = C17A0A4629ED5CE00030372A /* CollectionDataModel.swift */; };
		C17A0A4A29ED91510030372A /* DetailViewController.swift in Sources */ = {isa = PBXBuildFile; fileRef = C17A0A4929ED91510030372A /* DetailViewController.swift */; };
		C17A0A4C29ED915F0030372A /* DetailPresenter.swift in Sources */ = {isa = PBXBuildFile; fileRef = C17A0A4B29ED915F0030372A /* DetailPresenter.swift */; };
		C17A0A4E29ED91760030372A /* DetailInteractor.swift in Sources */ = {isa = PBXBuildFile; fileRef = C17A0A4D29ED91760030372A /* DetailInteractor.swift */; };
		C17A0A5029ED931C0030372A /* DetailDataRequest.swift in Sources */ = {isa = PBXBuildFile; fileRef = C17A0A4F29ED931C0030372A /* DetailDataRequest.swift */; };
		C17A0A5229ED932D0030372A /* DetailDataResponse.swift in Sources */ = {isa = PBXBuildFile; fileRef = C17A0A5129ED932D0030372A /* DetailDataResponse.swift */; };
		C17A0A5429ED933D0030372A /* DetailDataModel.swift in Sources */ = {isa = PBXBuildFile; fileRef = C17A0A5329ED933D0030372A /* DetailDataModel.swift */; };
		C17A0A5929ED99560030372A /* AppServices.swift in Sources */ = {isa = PBXBuildFile; fileRef = C17A0A5829ED99560030372A /* AppServices.swift */; };
		C17A0A5E29ED9A680030372A /* AppServices+Collection.swift in Sources */ = {isa = PBXBuildFile; fileRef = C17A0A5D29ED9A680030372A /* AppServices+Collection.swift */; };
		C17A0A6029ED9A990030372A /* CollectionRouting.swift in Sources */ = {isa = PBXBuildFile; fileRef = C17A0A5F29ED9A990030372A /* CollectionRouting.swift */; };
		C17A0A6229ED9D940030372A /* ArtObject.swift in Sources */ = {isa = PBXBuildFile; fileRef = C17A0A6129ED9D940030372A /* ArtObject.swift */; };
		C17A0A6429ED9DA10030372A /* Link.swift in Sources */ = {isa = PBXBuildFile; fileRef = C17A0A6329ED9DA10030372A /* Link.swift */; };
		C17A0A6629ED9DAC0030372A /* WebImage.swift in Sources */ = {isa = PBXBuildFile; fileRef = C17A0A6529ED9DAC0030372A /* WebImage.swift */; };
		C17A0A6929ED9DC50030372A /* CollectionResult.swift in Sources */ = {isa = PBXBuildFile; fileRef = C17A0A6829ED9DC50030372A /* CollectionResult.swift */; };
		C17A0A6C29EDAFBC0030372A /* ArtViewCell.swift in Sources */ = {isa = PBXBuildFile; fileRef = C17A0A6B29EDAFBC0030372A /* ArtViewCell.swift */; };
		C17A0A6F29EDB0220030372A /* UIImageView+Extension.swift in Sources */ = {isa = PBXBuildFile; fileRef = C17A0A6E29EDB0220030372A /* UIImageView+Extension.swift */; };
		C17A0A7129EDC0DE0030372A /* UIViewController+Extension.swift in Sources */ = {isa = PBXBuildFile; fileRef = C17A0A7029EDC0DE0030372A /* UIViewController+Extension.swift */; };
		C17A0A7529EDC9D30030372A /* CollectionHeader.swift in Sources */ = {isa = PBXBuildFile; fileRef = C17A0A7429EDC9D30030372A /* CollectionHeader.swift */; };
		C17DB42529ED2CED00AE16D0 /* AppDelegate.swift in Sources */ = {isa = PBXBuildFile; fileRef = C17DB42429ED2CED00AE16D0 /* AppDelegate.swift */; };
		C17DB42E29ED2CEE00AE16D0 /* Assets.xcassets in Resources */ = {isa = PBXBuildFile; fileRef = C17DB42D29ED2CEE00AE16D0 /* Assets.xcassets */; };
		C17DB43129ED2CEE00AE16D0 /* LaunchScreen.storyboard in Resources */ = {isa = PBXBuildFile; fileRef = C17DB42F29ED2CEE00AE16D0 /* LaunchScreen.storyboard */; };
		C17DB43C29ED2CEE00AE16D0 /* DutchRijksMuseumApiClientTests.swift in Sources */ = {isa = PBXBuildFile; fileRef = C17DB43B29ED2CEE00AE16D0 /* DutchRijksMuseumApiClientTests.swift */; };
		C17DB44629ED2CEE00AE16D0 /* DutchRijksMuseumApiClientUITests.swift in Sources */ = {isa = PBXBuildFile; fileRef = C17DB44529ED2CEE00AE16D0 /* DutchRijksMuseumApiClientUITests.swift */; };
		C17DB44829ED2CEE00AE16D0 /* DutchRijksMuseumApiClientUITestsLaunchTests.swift in Sources */ = {isa = PBXBuildFile; fileRef = C17DB44729ED2CEE00AE16D0 /* DutchRijksMuseumApiClientUITestsLaunchTests.swift */; };
		C186ED2B29EEADA50051EC70 /* AppServices+Detail.swift in Sources */ = {isa = PBXBuildFile; fileRef = C186ED2A29EEADA50051EC70 /* AppServices+Detail.swift */; };
		C186ED2D29EEAE180051EC70 /* DetailRouting.swift in Sources */ = {isa = PBXBuildFile; fileRef = C186ED2C29EEAE180051EC70 /* DetailRouting.swift */; };
		C186ED2F29EEB0130051EC70 /* DetailResult.swift in Sources */ = {isa = PBXBuildFile; fileRef = C186ED2E29EEB0130051EC70 /* DetailResult.swift */; };
		C186ED3129EEB1520051EC70 /* PrincipalMaker.swift in Sources */ = {isa = PBXBuildFile; fileRef = C186ED3029EEB1520051EC70 /* PrincipalMaker.swift */; };
		C186ED3329EEB2090051EC70 /* Label.swift in Sources */ = {isa = PBXBuildFile; fileRef = C186ED3229EEB2090051EC70 /* Label.swift */; };
		C186ED3529EEBBF20051EC70 /* HeaderImage.swift in Sources */ = {isa = PBXBuildFile; fileRef = C186ED3429EEBBF20051EC70 /* HeaderImage.swift */; };
		C187FCAE29EFC92900385CA6 /* .swiftlint.yml in Resources */ = {isa = PBXBuildFile; fileRef = C187FCAD29EFC92900385CA6 /* .swiftlint.yml */; };
/* End PBXBuildFile section */

/* Begin PBXContainerItemProxy section */
		C17DB43829ED2CEE00AE16D0 /* PBXContainerItemProxy */ = {
			isa = PBXContainerItemProxy;
			containerPortal = C17DB41929ED2CED00AE16D0 /* Project object */;
			proxyType = 1;
			remoteGlobalIDString = C17DB42029ED2CED00AE16D0;
			remoteInfo = DutchRijksMuseumApiClient;
		};
		C17DB44229ED2CEE00AE16D0 /* PBXContainerItemProxy */ = {
			isa = PBXContainerItemProxy;
			containerPortal = C17DB41929ED2CED00AE16D0 /* Project object */;
			proxyType = 1;
			remoteGlobalIDString = C17DB42029ED2CED00AE16D0;
			remoteInfo = DutchRijksMuseumApiClient;
		};
/* End PBXContainerItemProxy section */

/* Begin PBXFileReference section */
		C17A0A2C29ED50600030372A /* ApiManager.swift */ = {isa = PBXFileReference; lastKnownFileType = sourcecode.swift; path = ApiManager.swift; sourceTree = "<group>"; };
		C17A0A2E29ED506C0030372A /* ApiRouter.swift */ = {isa = PBXFileReference; lastKnownFileType = sourcecode.swift; path = ApiRouter.swift; sourceTree = "<group>"; };
		C17A0A3029ED50EB0030372A /* NetworkSession.swift */ = {isa = PBXFileReference; lastKnownFileType = sourcecode.swift; path = NetworkSession.swift; sourceTree = "<group>"; };
		C17A0A3229ED51220030372A /* ServiceNetworkSession.swift */ = {isa = PBXFileReference; lastKnownFileType = sourcecode.swift; path = ServiceNetworkSession.swift; sourceTree = "<group>"; };
		C17A0A3429ED516C0030372A /* Localizable.strings */ = {isa = PBXFileReference; lastKnownFileType = text.plist.strings; path = Localizable.strings; sourceTree = "<group>"; };
		C17A0A3629ED519A0030372A /* String+Extension.swift */ = {isa = PBXFileReference; lastKnownFileType = sourcecode.swift; path = "String+Extension.swift"; sourceTree = "<group>"; };
		C17A0A3B29ED59470030372A /* CollectionViewController.swift */ = {isa = PBXFileReference; lastKnownFileType = sourcecode.swift; path = CollectionViewController.swift; sourceTree = "<group>"; };
		C17A0A3D29ED59540030372A /* CollectionPresenter.swift */ = {isa = PBXFileReference; lastKnownFileType = sourcecode.swift; path = CollectionPresenter.swift; sourceTree = "<group>"; };
		C17A0A3F29ED59600030372A /* CollectionInteractor.swift */ = {isa = PBXFileReference; lastKnownFileType = sourcecode.swift; path = CollectionInteractor.swift; sourceTree = "<group>"; };
		C17A0A4229ED5CB90030372A /* CollectionDataRequest.swift */ = {isa = PBXFileReference; lastKnownFileType = sourcecode.swift; path = CollectionDataRequest.swift; sourceTree = "<group>"; };
		C17A0A4429ED5CCD0030372A /* CollectionDataResponse.swift */ = {isa = PBXFileReference; lastKnownFileType = sourcecode.swift; path = CollectionDataResponse.swift; sourceTree = "<group>"; };
		C17A0A4629ED5CE00030372A /* CollectionDataModel.swift */ = {isa = PBXFileReference; lastKnownFileType = sourcecode.swift; path = CollectionDataModel.swift; sourceTree = "<group>"; };
		C17A0A4929ED91510030372A /* DetailViewController.swift */ = {isa = PBXFileReference; lastKnownFileType = sourcecode.swift; path = DetailViewController.swift; sourceTree = "<group>"; };
		C17A0A4B29ED915F0030372A /* DetailPresenter.swift */ = {isa = PBXFileReference; lastKnownFileType = sourcecode.swift; path = DetailPresenter.swift; sourceTree = "<group>"; };
		C17A0A4D29ED91760030372A /* DetailInteractor.swift */ = {isa = PBXFileReference; lastKnownFileType = sourcecode.swift; path = DetailInteractor.swift; sourceTree = "<group>"; };
		C17A0A4F29ED931C0030372A /* DetailDataRequest.swift */ = {isa = PBXFileReference; lastKnownFileType = sourcecode.swift; path = DetailDataRequest.swift; sourceTree = "<group>"; };
		C17A0A5129ED932D0030372A /* DetailDataResponse.swift */ = {isa = PBXFileReference; lastKnownFileType = sourcecode.swift; path = DetailDataResponse.swift; sourceTree = "<group>"; };
		C17A0A5329ED933D0030372A /* DetailDataModel.swift */ = {isa = PBXFileReference; lastKnownFileType = sourcecode.swift; path = DetailDataModel.swift; sourceTree = "<group>"; };
		C17A0A5829ED99560030372A /* AppServices.swift */ = {isa = PBXFileReference; lastKnownFileType = sourcecode.swift; path = AppServices.swift; sourceTree = "<group>"; };
		C17A0A5D29ED9A680030372A /* AppServices+Collection.swift */ = {isa = PBXFileReference; lastKnownFileType = sourcecode.swift; path = "AppServices+Collection.swift"; sourceTree = "<group>"; };
		C17A0A5F29ED9A990030372A /* CollectionRouting.swift */ = {isa = PBXFileReference; lastKnownFileType = sourcecode.swift; path = CollectionRouting.swift; sourceTree = "<group>"; };
		C17A0A6129ED9D940030372A /* ArtObject.swift */ = {isa = PBXFileReference; lastKnownFileType = sourcecode.swift; path = ArtObject.swift; sourceTree = "<group>"; };
		C17A0A6329ED9DA10030372A /* Link.swift */ = {isa = PBXFileReference; lastKnownFileType = sourcecode.swift; path = Link.swift; sourceTree = "<group>"; };
		C17A0A6529ED9DAC0030372A /* WebImage.swift */ = {isa = PBXFileReference; lastKnownFileType = sourcecode.swift; path = WebImage.swift; sourceTree = "<group>"; };
		C17A0A6829ED9DC50030372A /* CollectionResult.swift */ = {isa = PBXFileReference; lastKnownFileType = sourcecode.swift; path = CollectionResult.swift; sourceTree = "<group>"; };
		C17A0A6B29EDAFBC0030372A /* ArtViewCell.swift */ = {isa = PBXFileReference; lastKnownFileType = sourcecode.swift; path = ArtViewCell.swift; sourceTree = "<group>"; };
		C17A0A6E29EDB0220030372A /* UIImageView+Extension.swift */ = {isa = PBXFileReference; lastKnownFileType = sourcecode.swift; path = "UIImageView+Extension.swift"; sourceTree = "<group>"; };
		C17A0A7029EDC0DE0030372A /* UIViewController+Extension.swift */ = {isa = PBXFileReference; lastKnownFileType = sourcecode.swift; path = "UIViewController+Extension.swift"; sourceTree = "<group>"; };
		C17A0A7429EDC9D30030372A /* CollectionHeader.swift */ = {isa = PBXFileReference; lastKnownFileType = sourcecode.swift; path = CollectionHeader.swift; sourceTree = "<group>"; };
		C17DB42129ED2CED00AE16D0 /* DutchRijksMuseumApiClient.app */ = {isa = PBXFileReference; explicitFileType = wrapper.application; includeInIndex = 0; path = DutchRijksMuseumApiClient.app; sourceTree = BUILT_PRODUCTS_DIR; };
		C17DB42429ED2CED00AE16D0 /* AppDelegate.swift */ = {isa = PBXFileReference; lastKnownFileType = sourcecode.swift; path = AppDelegate.swift; sourceTree = "<group>"; };
		C17DB42D29ED2CEE00AE16D0 /* Assets.xcassets */ = {isa = PBXFileReference; lastKnownFileType = folder.assetcatalog; path = Assets.xcassets; sourceTree = "<group>"; };
		C17DB43029ED2CEE00AE16D0 /* Base */ = {isa = PBXFileReference; lastKnownFileType = file.storyboard; name = Base; path = Base.lproj/LaunchScreen.storyboard; sourceTree = "<group>"; };
		C17DB43229ED2CEE00AE16D0 /* Info.plist */ = {isa = PBXFileReference; lastKnownFileType = text.plist.xml; path = Info.plist; sourceTree = "<group>"; };
		C17DB43729ED2CEE00AE16D0 /* DutchRijksMuseumApiClientTests.xctest */ = {isa = PBXFileReference; explicitFileType = wrapper.cfbundle; includeInIndex = 0; path = DutchRijksMuseumApiClientTests.xctest; sourceTree = BUILT_PRODUCTS_DIR; };
		C17DB43B29ED2CEE00AE16D0 /* DutchRijksMuseumApiClientTests.swift */ = {isa = PBXFileReference; lastKnownFileType = sourcecode.swift; path = DutchRijksMuseumApiClientTests.swift; sourceTree = "<group>"; };
		C17DB44129ED2CEE00AE16D0 /* DutchRijksMuseumApiClientUITests.xctest */ = {isa = PBXFileReference; explicitFileType = wrapper.cfbundle; includeInIndex = 0; path = DutchRijksMuseumApiClientUITests.xctest; sourceTree = BUILT_PRODUCTS_DIR; };
		C17DB44529ED2CEE00AE16D0 /* DutchRijksMuseumApiClientUITests.swift */ = {isa = PBXFileReference; lastKnownFileType = sourcecode.swift; path = DutchRijksMuseumApiClientUITests.swift; sourceTree = "<group>"; };
		C17DB44729ED2CEE00AE16D0 /* DutchRijksMuseumApiClientUITestsLaunchTests.swift */ = {isa = PBXFileReference; lastKnownFileType = sourcecode.swift; path = DutchRijksMuseumApiClientUITestsLaunchTests.swift; sourceTree = "<group>"; };
		C186ED2A29EEADA50051EC70 /* AppServices+Detail.swift */ = {isa = PBXFileReference; lastKnownFileType = sourcecode.swift; path = "AppServices+Detail.swift"; sourceTree = "<group>"; };
		C186ED2C29EEAE180051EC70 /* DetailRouting.swift */ = {isa = PBXFileReference; lastKnownFileType = sourcecode.swift; path = DetailRouting.swift; sourceTree = "<group>"; };
		C186ED2E29EEB0130051EC70 /* DetailResult.swift */ = {isa = PBXFileReference; lastKnownFileType = sourcecode.swift; path = DetailResult.swift; sourceTree = "<group>"; };
		C186ED3029EEB1520051EC70 /* PrincipalMaker.swift */ = {isa = PBXFileReference; lastKnownFileType = sourcecode.swift; path = PrincipalMaker.swift; sourceTree = "<group>"; };
		C186ED3229EEB2090051EC70 /* Label.swift */ = {isa = PBXFileReference; lastKnownFileType = sourcecode.swift; path = Label.swift; sourceTree = "<group>"; };
		C186ED3429EEBBF20051EC70 /* HeaderImage.swift */ = {isa = PBXFileReference; lastKnownFileType = sourcecode.swift; path = HeaderImage.swift; sourceTree = "<group>"; };
		C187FCAD29EFC92900385CA6 /* .swiftlint.yml */ = {isa = PBXFileReference; lastKnownFileType = text.yaml; path = .swiftlint.yml; sourceTree = "<group>"; };
/* End PBXFileReference section */

/* Begin PBXFrameworksBuildPhase section */
		C17DB41E29ED2CED00AE16D0 /* Frameworks */ = {
			isa = PBXFrameworksBuildPhase;
			buildActionMask = 2147483647;
			files = (
			);
			runOnlyForDeploymentPostprocessing = 0;
		};
		C17DB43429ED2CEE00AE16D0 /* Frameworks */ = {
			isa = PBXFrameworksBuildPhase;
			buildActionMask = 2147483647;
			files = (
			);
			runOnlyForDeploymentPostprocessing = 0;
		};
		C17DB43E29ED2CEE00AE16D0 /* Frameworks */ = {
			isa = PBXFrameworksBuildPhase;
			buildActionMask = 2147483647;
			files = (
			);
			runOnlyForDeploymentPostprocessing = 0;
		};
/* End PBXFrameworksBuildPhase section */

/* Begin PBXGroup section */
		C17A0A2929ED50120030372A /* Networking */ = {
			isa = PBXGroup;
			children = (
				C17A0A2B29ED504C0030372A /* Session */,
				C17A0A2C29ED50600030372A /* ApiManager.swift */,
				C17A0A2E29ED506C0030372A /* ApiRouter.swift */,
			);
			path = Networking;
			sourceTree = "<group>";
		};
		C17A0A2A29ED50430030372A /* Resources */ = {
			isa = PBXGroup;
			children = (
				C17A0A3429ED516C0030372A /* Localizable.strings */,
			);
			path = Resources;
			sourceTree = "<group>";
		};
		C17A0A2B29ED504C0030372A /* Session */ = {
			isa = PBXGroup;
			children = (
				C17A0A3029ED50EB0030372A /* NetworkSession.swift */,
				C17A0A3229ED51220030372A /* ServiceNetworkSession.swift */,
			);
			path = Session;
			sourceTree = "<group>";
		};
		C17A0A3829ED58E00030372A /* Scenes */ = {
			isa = PBXGroup;
			children = (
				C17A0A6A29EDAFA60030372A /* Views */,
				C17A0A3929ED59150030372A /* CollectionScene */,
				C17A0A3A29ED59220030372A /* DetailScene */,
			);
			path = Scenes;
			sourceTree = "<group>";
		};
		C17A0A3929ED59150030372A /* CollectionScene */ = {
			isa = PBXGroup;
			children = (
				C17A0A4129ED5B2B0030372A /* Model */,
				C17A0A3B29ED59470030372A /* CollectionViewController.swift */,
				C17A0A3F29ED59600030372A /* CollectionInteractor.swift */,
				C17A0A3D29ED59540030372A /* CollectionPresenter.swift */,
			);
			path = CollectionScene;
			sourceTree = "<group>";
		};
		C17A0A3A29ED59220030372A /* DetailScene */ = {
			isa = PBXGroup;
			children = (
				C17A0A4829ED913B0030372A /* Model */,
				C17A0A4929ED91510030372A /* DetailViewController.swift */,
				C17A0A4D29ED91760030372A /* DetailInteractor.swift */,
				C17A0A4B29ED915F0030372A /* DetailPresenter.swift */,
			);
			path = DetailScene;
			sourceTree = "<group>";
		};
		C17A0A4129ED5B2B0030372A /* Model */ = {
			isa = PBXGroup;
			children = (
				C17A0A4229ED5CB90030372A /* CollectionDataRequest.swift */,
				C17A0A4429ED5CCD0030372A /* CollectionDataResponse.swift */,
				C17A0A4629ED5CE00030372A /* CollectionDataModel.swift */,
			);
			path = Model;
			sourceTree = "<group>";
		};
		C17A0A4829ED913B0030372A /* Model */ = {
			isa = PBXGroup;
			children = (
				C17A0A4F29ED931C0030372A /* DetailDataRequest.swift */,
				C17A0A5129ED932D0030372A /* DetailDataResponse.swift */,
				C17A0A5329ED933D0030372A /* DetailDataModel.swift */,
			);
			path = Model;
			sourceTree = "<group>";
		};
		C17A0A5529ED990E0030372A /* AppServices */ = {
			isa = PBXGroup;
			children = (
				C17A0A5729ED99480030372A /* Model */,
				C17A0A5629ED993A0030372A /* Routing */,
				C17A0A5829ED99560030372A /* AppServices.swift */,
				C17A0A5D29ED9A680030372A /* AppServices+Collection.swift */,
				C186ED2A29EEADA50051EC70 /* AppServices+Detail.swift */,
			);
			path = AppServices;
			sourceTree = "<group>";
		};
		C17A0A5629ED993A0030372A /* Routing */ = {
			isa = PBXGroup;
			children = (
				C17A0A5F29ED9A990030372A /* CollectionRouting.swift */,
				C186ED2C29EEAE180051EC70 /* DetailRouting.swift */,
			);
			path = Routing;
			sourceTree = "<group>";
		};
		C17A0A5729ED99480030372A /* Model */ = {
			isa = PBXGroup;
			children = (
				C17A0A6729ED9DB20030372A /* Result */,
				C17A0A6129ED9D940030372A /* ArtObject.swift */,
				C17A0A6329ED9DA10030372A /* Link.swift */,
				C17A0A6529ED9DAC0030372A /* WebImage.swift */,
				C186ED3029EEB1520051EC70 /* PrincipalMaker.swift */,
				C186ED3229EEB2090051EC70 /* Label.swift */,
				C186ED3429EEBBF20051EC70 /* HeaderImage.swift */,
			);
			path = Model;
			sourceTree = "<group>";
		};
		C17A0A6729ED9DB20030372A /* Result */ = {
			isa = PBXGroup;
			children = (
				C17A0A6829ED9DC50030372A /* CollectionResult.swift */,
				C186ED2E29EEB0130051EC70 /* DetailResult.swift */,
			);
			path = Result;
			sourceTree = "<group>";
		};
		C17A0A6A29EDAFA60030372A /* Views */ = {
			isa = PBXGroup;
			children = (
				C17A0A6B29EDAFBC0030372A /* ArtViewCell.swift */,
				C17A0A7429EDC9D30030372A /* CollectionHeader.swift */,
			);
			path = Views;
			sourceTree = "<group>";
		};
		C17A0A6D29EDB0070030372A /* Extensions */ = {
			isa = PBXGroup;
			children = (
				C17A0A3629ED519A0030372A /* String+Extension.swift */,
				C17A0A6E29EDB0220030372A /* UIImageView+Extension.swift */,
				C17A0A7029EDC0DE0030372A /* UIViewController+Extension.swift */,
			);
			path = Extensions;
			sourceTree = "<group>";
		};
		C17DB41829ED2CED00AE16D0 = {
			isa = PBXGroup;
			children = (
				C17DB42329ED2CED00AE16D0 /* DutchRijksMuseumApiClient */,
				C17DB43A29ED2CEE00AE16D0 /* DutchRijksMuseumApiClientTests */,
				C17DB44429ED2CEE00AE16D0 /* DutchRijksMuseumApiClientUITests */,
				C17DB42229ED2CED00AE16D0 /* Products */,
			);
			sourceTree = "<group>";
		};
		C17DB42229ED2CED00AE16D0 /* Products */ = {
			isa = PBXGroup;
			children = (
				C17DB42129ED2CED00AE16D0 /* DutchRijksMuseumApiClient.app */,
				C17DB43729ED2CEE00AE16D0 /* DutchRijksMuseumApiClientTests.xctest */,
				C17DB44129ED2CEE00AE16D0 /* DutchRijksMuseumApiClientUITests.xctest */,
			);
			name = Products;
			sourceTree = "<group>";
		};
		C17DB42329ED2CED00AE16D0 /* DutchRijksMuseumApiClient */ = {
			isa = PBXGroup;
			children = (
				C17A0A2A29ED50430030372A /* Resources */,
				C187FCAD29EFC92900385CA6 /* .swiftlint.yml */,
				C17A0A6D29EDB0070030372A /* Extensions */,
				C17A0A2929ED50120030372A /* Networking */,
				C17A0A5529ED990E0030372A /* AppServices */,
				C17A0A3829ED58E00030372A /* Scenes */,
				C17DB42429ED2CED00AE16D0 /* AppDelegate.swift */,
				C17DB42D29ED2CEE00AE16D0 /* Assets.xcassets */,
				C17DB42F29ED2CEE00AE16D0 /* LaunchScreen.storyboard */,
				C17DB43229ED2CEE00AE16D0 /* Info.plist */,
			);
			path = DutchRijksMuseumApiClient;
			sourceTree = "<group>";
		};
		C17DB43A29ED2CEE00AE16D0 /* DutchRijksMuseumApiClientTests */ = {
			isa = PBXGroup;
			children = (
				C17DB43B29ED2CEE00AE16D0 /* DutchRijksMuseumApiClientTests.swift */,
			);
			path = DutchRijksMuseumApiClientTests;
			sourceTree = "<group>";
		};
		C17DB44429ED2CEE00AE16D0 /* DutchRijksMuseumApiClientUITests */ = {
			isa = PBXGroup;
			children = (
				C17DB44529ED2CEE00AE16D0 /* DutchRijksMuseumApiClientUITests.swift */,
				C17DB44729ED2CEE00AE16D0 /* DutchRijksMuseumApiClientUITestsLaunchTests.swift */,
			);
			path = DutchRijksMuseumApiClientUITests;
			sourceTree = "<group>";
		};
/* End PBXGroup section */

/* Begin PBXNativeTarget section */
		C17DB42029ED2CED00AE16D0 /* DutchRijksMuseumApiClient */ = {
			isa = PBXNativeTarget;
			buildConfigurationList = C17DB44B29ED2CEE00AE16D0 /* Build configuration list for PBXNativeTarget "DutchRijksMuseumApiClient" */;
			buildPhases = (
				C17DB41D29ED2CED00AE16D0 /* Sources */,
				C17DB41E29ED2CED00AE16D0 /* Frameworks */,
				C17DB41F29ED2CED00AE16D0 /* Resources */,
				C187FCAF29EFD3B300385CA6 /* ShellScript */,
			);
			buildRules = (
			);
			dependencies = (
			);
			name = DutchRijksMuseumApiClient;
			productName = DutchRijksMuseumApiClient;
			productReference = C17DB42129ED2CED00AE16D0 /* DutchRijksMuseumApiClient.app */;
			productType = "com.apple.product-type.application";
		};
		C17DB43629ED2CEE00AE16D0 /* DutchRijksMuseumApiClientTests */ = {
			isa = PBXNativeTarget;
			buildConfigurationList = C17DB44E29ED2CEE00AE16D0 /* Build configuration list for PBXNativeTarget "DutchRijksMuseumApiClientTests" */;
			buildPhases = (
				C17DB43329ED2CEE00AE16D0 /* Sources */,
				C17DB43429ED2CEE00AE16D0 /* Frameworks */,
				C17DB43529ED2CEE00AE16D0 /* Resources */,
			);
			buildRules = (
			);
			dependencies = (
				C17DB43929ED2CEE00AE16D0 /* PBXTargetDependency */,
			);
			name = DutchRijksMuseumApiClientTests;
			productName = DutchRijksMuseumApiClientTests;
			productReference = C17DB43729ED2CEE00AE16D0 /* DutchRijksMuseumApiClientTests.xctest */;
			productType = "com.apple.product-type.bundle.unit-test";
		};
		C17DB44029ED2CEE00AE16D0 /* DutchRijksMuseumApiClientUITests */ = {
			isa = PBXNativeTarget;
			buildConfigurationList = C17DB45129ED2CEE00AE16D0 /* Build configuration list for PBXNativeTarget "DutchRijksMuseumApiClientUITests" */;
			buildPhases = (
				C17DB43D29ED2CEE00AE16D0 /* Sources */,
				C17DB43E29ED2CEE00AE16D0 /* Frameworks */,
				C17DB43F29ED2CEE00AE16D0 /* Resources */,
			);
			buildRules = (
			);
			dependencies = (
				C17DB44329ED2CEE00AE16D0 /* PBXTargetDependency */,
			);
			name = DutchRijksMuseumApiClientUITests;
			productName = DutchRijksMuseumApiClientUITests;
			productReference = C17DB44129ED2CEE00AE16D0 /* DutchRijksMuseumApiClientUITests.xctest */;
			productType = "com.apple.product-type.bundle.ui-testing";
		};
/* End PBXNativeTarget section */

/* Begin PBXProject section */
		C17DB41929ED2CED00AE16D0 /* Project object */ = {
			isa = PBXProject;
			attributes = {
				BuildIndependentTargetsInParallel = 1;
				LastSwiftUpdateCheck = 1420;
				LastUpgradeCheck = 1420;
				TargetAttributes = {
					C17DB42029ED2CED00AE16D0 = {
						CreatedOnToolsVersion = 14.2;
					};
					C17DB43629ED2CEE00AE16D0 = {
						CreatedOnToolsVersion = 14.2;
						TestTargetID = C17DB42029ED2CED00AE16D0;
					};
					C17DB44029ED2CEE00AE16D0 = {
						CreatedOnToolsVersion = 14.2;
						TestTargetID = C17DB42029ED2CED00AE16D0;
					};
				};
			};
			buildConfigurationList = C17DB41C29ED2CED00AE16D0 /* Build configuration list for PBXProject "DutchRijksMuseumApiClient" */;
			compatibilityVersion = "Xcode 14.0";
			developmentRegion = en;
			hasScannedForEncodings = 0;
			knownRegions = (
				en,
				Base,
			);
			mainGroup = C17DB41829ED2CED00AE16D0;
			productRefGroup = C17DB42229ED2CED00AE16D0 /* Products */;
			projectDirPath = "";
			projectRoot = "";
			targets = (
				C17DB42029ED2CED00AE16D0 /* DutchRijksMuseumApiClient */,
				C17DB43629ED2CEE00AE16D0 /* DutchRijksMuseumApiClientTests */,
				C17DB44029ED2CEE00AE16D0 /* DutchRijksMuseumApiClientUITests */,
			);
		};
/* End PBXProject section */

/* Begin PBXResourcesBuildPhase section */
		C17DB41F29ED2CED00AE16D0 /* Resources */ = {
			isa = PBXResourcesBuildPhase;
			buildActionMask = 2147483647;
			files = (
				C187FCAE29EFC92900385CA6 /* .swiftlint.yml in Resources */,
				C17DB43129ED2CEE00AE16D0 /* LaunchScreen.storyboard in Resources */,
				C17A0A3529ED516C0030372A /* Localizable.strings in Resources */,
				C17DB42E29ED2CEE00AE16D0 /* Assets.xcassets in Resources */,
			);
			runOnlyForDeploymentPostprocessing = 0;
		};
		C17DB43529ED2CEE00AE16D0 /* Resources */ = {
			isa = PBXResourcesBuildPhase;
			buildActionMask = 2147483647;
			files = (
			);
			runOnlyForDeploymentPostprocessing = 0;
		};
		C17DB43F29ED2CEE00AE16D0 /* Resources */ = {
			isa = PBXResourcesBuildPhase;
			buildActionMask = 2147483647;
			files = (
			);
			runOnlyForDeploymentPostprocessing = 0;
		};
/* End PBXResourcesBuildPhase section */

/* Begin PBXShellScriptBuildPhase section */
		C187FCAF29EFD3B300385CA6 /* ShellScript */ = {
			isa = PBXShellScriptBuildPhase;
			alwaysOutOfDate = 1;
			buildActionMask = 2147483647;
			files = (
			);
			inputFileListPaths = (
			);
			inputPaths = (
			);
			outputFileListPaths = (
			);
			outputPaths = (
			);
			runOnlyForDeploymentPostprocessing = 0;
			shellPath = /bin/sh;
			shellScript = "# Type a script or drag a script file from your workspace to insert its path.\n# Adds support for Apple Silicon brew directory\nexport PATH=\"$PATH:/opt/homebrew/bin\"\n\nif which swiftlint >/dev/null; then\n  swiftlint #autocorrect --format\nelse\n  echo \"warning: SwiftLint not installed, download from https://github.com/realm/SwiftLint\"\nfi\n";
		};
/* End PBXShellScriptBuildPhase section */

/* Begin PBXSourcesBuildPhase section */
		C17DB41D29ED2CED00AE16D0 /* Sources */ = {
			isa = PBXSourcesBuildPhase;
			buildActionMask = 2147483647;
			files = (
				C186ED3529EEBBF20051EC70 /* HeaderImage.swift in Sources */,
				C17A0A5429ED933D0030372A /* DetailDataModel.swift in Sources */,
				C17A0A7529EDC9D30030372A /* CollectionHeader.swift in Sources */,
				C17A0A6F29EDB0220030372A /* UIImageView+Extension.swift in Sources */,
				C17A0A6629ED9DAC0030372A /* WebImage.swift in Sources */,
				C17A0A7129EDC0DE0030372A /* UIViewController+Extension.swift in Sources */,
				C17A0A3C29ED59470030372A /* CollectionViewController.swift in Sources */,
				C17A0A3729ED519A0030372A /* String+Extension.swift in Sources */,
				C17A0A6C29EDAFBC0030372A /* ArtViewCell.swift in Sources */,
				C186ED3129EEB1520051EC70 /* PrincipalMaker.swift in Sources */,
				C17A0A6429ED9DA10030372A /* Link.swift in Sources */,
				C17A0A2D29ED50600030372A /* ApiManager.swift in Sources */,
				C17A0A6029ED9A990030372A /* CollectionRouting.swift in Sources */,
				C17A0A4029ED59600030372A /* CollectionInteractor.swift in Sources */,
				C186ED3329EEB2090051EC70 /* Label.swift in Sources */,
				C17A0A5029ED931C0030372A /* DetailDataRequest.swift in Sources */,
				C17A0A4729ED5CE00030372A /* CollectionDataModel.swift in Sources */,
				C17A0A4329ED5CB90030372A /* CollectionDataRequest.swift in Sources */,
				C17A0A2F29ED506C0030372A /* ApiRouter.swift in Sources */,
				C17A0A4C29ED915F0030372A /* DetailPresenter.swift in Sources */,
				C17A0A6929ED9DC50030372A /* CollectionResult.swift in Sources */,
				C17A0A4529ED5CCD0030372A /* CollectionDataResponse.swift in Sources */,
				C17A0A5229ED932D0030372A /* DetailDataResponse.swift in Sources */,
				C17A0A3129ED50EB0030372A /* NetworkSession.swift in Sources */,
				C186ED2B29EEADA50051EC70 /* AppServices+Detail.swift in Sources */,
				C186ED2F29EEB0130051EC70 /* DetailResult.swift in Sources */,
				C17A0A6229ED9D940030372A /* ArtObject.swift in Sources */,
				C17A0A5E29ED9A680030372A /* AppServices+Collection.swift in Sources */,
				C17A0A3E29ED59540030372A /* CollectionPresenter.swift in Sources */,
				C17DB42529ED2CED00AE16D0 /* AppDelegate.swift in Sources */,
				C17A0A3329ED51220030372A /* ServiceNetworkSession.swift in Sources */,
				C186ED2D29EEAE180051EC70 /* DetailRouting.swift in Sources */,
				C17A0A5929ED99560030372A /* AppServices.swift in Sources */,
				C17A0A4A29ED91510030372A /* DetailViewController.swift in Sources */,
				C17A0A4E29ED91760030372A /* DetailInteractor.swift in Sources */,
			);
			runOnlyForDeploymentPostprocessing = 0;
		};
		C17DB43329ED2CEE00AE16D0 /* Sources */ = {
			isa = PBXSourcesBuildPhase;
			buildActionMask = 2147483647;
			files = (
				C17DB43C29ED2CEE00AE16D0 /* DutchRijksMuseumApiClientTests.swift in Sources */,
			);
			runOnlyForDeploymentPostprocessing = 0;
		};
		C17DB43D29ED2CEE00AE16D0 /* Sources */ = {
			isa = PBXSourcesBuildPhase;
			buildActionMask = 2147483647;
			files = (
				C17DB44629ED2CEE00AE16D0 /* DutchRijksMuseumApiClientUITests.swift in Sources */,
				C17DB44829ED2CEE00AE16D0 /* DutchRijksMuseumApiClientUITestsLaunchTests.swift in Sources */,
			);
			runOnlyForDeploymentPostprocessing = 0;
		};
/* End PBXSourcesBuildPhase section */

/* Begin PBXTargetDependency section */
		C17DB43929ED2CEE00AE16D0 /* PBXTargetDependency */ = {
			isa = PBXTargetDependency;
			target = C17DB42029ED2CED00AE16D0 /* DutchRijksMuseumApiClient */;
			targetProxy = C17DB43829ED2CEE00AE16D0 /* PBXContainerItemProxy */;
		};
		C17DB44329ED2CEE00AE16D0 /* PBXTargetDependency */ = {
			isa = PBXTargetDependency;
			target = C17DB42029ED2CED00AE16D0 /* DutchRijksMuseumApiClient */;
			targetProxy = C17DB44229ED2CEE00AE16D0 /* PBXContainerItemProxy */;
		};
/* End PBXTargetDependency section */

/* Begin PBXVariantGroup section */
		C17DB42F29ED2CEE00AE16D0 /* LaunchScreen.storyboard */ = {
			isa = PBXVariantGroup;
			children = (
				C17DB43029ED2CEE00AE16D0 /* Base */,
			);
			name = LaunchScreen.storyboard;
			sourceTree = "<group>";
		};
/* End PBXVariantGroup section */

/* Begin XCBuildConfiguration section */
		C17DB44929ED2CEE00AE16D0 /* Debug */ = {
			isa = XCBuildConfiguration;
			buildSettings = {
				ALWAYS_SEARCH_USER_PATHS = NO;
				CLANG_ANALYZER_NONNULL = YES;
				CLANG_ANALYZER_NUMBER_OBJECT_CONVERSION = YES_AGGRESSIVE;
				CLANG_CXX_LANGUAGE_STANDARD = "gnu++20";
				CLANG_ENABLE_MODULES = YES;
				CLANG_ENABLE_OBJC_ARC = YES;
				CLANG_ENABLE_OBJC_WEAK = YES;
				CLANG_WARN_BLOCK_CAPTURE_AUTORELEASING = YES;
				CLANG_WARN_BOOL_CONVERSION = YES;
				CLANG_WARN_COMMA = YES;
				CLANG_WARN_CONSTANT_CONVERSION = YES;
				CLANG_WARN_DEPRECATED_OBJC_IMPLEMENTATIONS = YES;
				CLANG_WARN_DIRECT_OBJC_ISA_USAGE = YES_ERROR;
				CLANG_WARN_DOCUMENTATION_COMMENTS = YES;
				CLANG_WARN_EMPTY_BODY = YES;
				CLANG_WARN_ENUM_CONVERSION = YES;
				CLANG_WARN_INFINITE_RECURSION = YES;
				CLANG_WARN_INT_CONVERSION = YES;
				CLANG_WARN_NON_LITERAL_NULL_CONVERSION = YES;
				CLANG_WARN_OBJC_IMPLICIT_RETAIN_SELF = YES;
				CLANG_WARN_OBJC_LITERAL_CONVERSION = YES;
				CLANG_WARN_OBJC_ROOT_CLASS = YES_ERROR;
				CLANG_WARN_QUOTED_INCLUDE_IN_FRAMEWORK_HEADER = YES;
				CLANG_WARN_RANGE_LOOP_ANALYSIS = YES;
				CLANG_WARN_STRICT_PROTOTYPES = YES;
				CLANG_WARN_SUSPICIOUS_MOVE = YES;
				CLANG_WARN_UNGUARDED_AVAILABILITY = YES_AGGRESSIVE;
				CLANG_WARN_UNREACHABLE_CODE = YES;
				CLANG_WARN__DUPLICATE_METHOD_MATCH = YES;
				COPY_PHASE_STRIP = NO;
				DEBUG_INFORMATION_FORMAT = dwarf;
				ENABLE_STRICT_OBJC_MSGSEND = YES;
				ENABLE_TESTABILITY = YES;
				GCC_C_LANGUAGE_STANDARD = gnu11;
				GCC_DYNAMIC_NO_PIC = NO;
				GCC_NO_COMMON_BLOCKS = YES;
				GCC_OPTIMIZATION_LEVEL = 0;
				GCC_PREPROCESSOR_DEFINITIONS = (
					"DEBUG=1",
					"$(inherited)",
				);
				GCC_WARN_64_TO_32_BIT_CONVERSION = YES;
				GCC_WARN_ABOUT_RETURN_TYPE = YES_ERROR;
				GCC_WARN_UNDECLARED_SELECTOR = YES;
				GCC_WARN_UNINITIALIZED_AUTOS = YES_AGGRESSIVE;
				GCC_WARN_UNUSED_FUNCTION = YES;
				GCC_WARN_UNUSED_VARIABLE = YES;
				IPHONEOS_DEPLOYMENT_TARGET = 16.2;
				MTL_ENABLE_DEBUG_INFO = INCLUDE_SOURCE;
				MTL_FAST_MATH = YES;
				ONLY_ACTIVE_ARCH = YES;
				SDKROOT = iphoneos;
				SWIFT_ACTIVE_COMPILATION_CONDITIONS = DEBUG;
				SWIFT_OPTIMIZATION_LEVEL = "-Onone";
			};
			name = Debug;
		};
		C17DB44A29ED2CEE00AE16D0 /* Release */ = {
			isa = XCBuildConfiguration;
			buildSettings = {
				ALWAYS_SEARCH_USER_PATHS = NO;
				CLANG_ANALYZER_NONNULL = YES;
				CLANG_ANALYZER_NUMBER_OBJECT_CONVERSION = YES_AGGRESSIVE;
				CLANG_CXX_LANGUAGE_STANDARD = "gnu++20";
				CLANG_ENABLE_MODULES = YES;
				CLANG_ENABLE_OBJC_ARC = YES;
				CLANG_ENABLE_OBJC_WEAK = YES;
				CLANG_WARN_BLOCK_CAPTURE_AUTORELEASING = YES;
				CLANG_WARN_BOOL_CONVERSION = YES;
				CLANG_WARN_COMMA = YES;
				CLANG_WARN_CONSTANT_CONVERSION = YES;
				CLANG_WARN_DEPRECATED_OBJC_IMPLEMENTATIONS = YES;
				CLANG_WARN_DIRECT_OBJC_ISA_USAGE = YES_ERROR;
				CLANG_WARN_DOCUMENTATION_COMMENTS = YES;
				CLANG_WARN_EMPTY_BODY = YES;
				CLANG_WARN_ENUM_CONVERSION = YES;
				CLANG_WARN_INFINITE_RECURSION = YES;
				CLANG_WARN_INT_CONVERSION = YES;
				CLANG_WARN_NON_LITERAL_NULL_CONVERSION = YES;
				CLANG_WARN_OBJC_IMPLICIT_RETAIN_SELF = YES;
				CLANG_WARN_OBJC_LITERAL_CONVERSION = YES;
				CLANG_WARN_OBJC_ROOT_CLASS = YES_ERROR;
				CLANG_WARN_QUOTED_INCLUDE_IN_FRAMEWORK_HEADER = YES;
				CLANG_WARN_RANGE_LOOP_ANALYSIS = YES;
				CLANG_WARN_STRICT_PROTOTYPES = YES;
				CLANG_WARN_SUSPICIOUS_MOVE = YES;
				CLANG_WARN_UNGUARDED_AVAILABILITY = YES_AGGRESSIVE;
				CLANG_WARN_UNREACHABLE_CODE = YES;
				CLANG_WARN__DUPLICATE_METHOD_MATCH = YES;
				COPY_PHASE_STRIP = NO;
				DEBUG_INFORMATION_FORMAT = "dwarf-with-dsym";
				ENABLE_NS_ASSERTIONS = NO;
				ENABLE_STRICT_OBJC_MSGSEND = YES;
				GCC_C_LANGUAGE_STANDARD = gnu11;
				GCC_NO_COMMON_BLOCKS = YES;
				GCC_WARN_64_TO_32_BIT_CONVERSION = YES;
				GCC_WARN_ABOUT_RETURN_TYPE = YES_ERROR;
				GCC_WARN_UNDECLARED_SELECTOR = YES;
				GCC_WARN_UNINITIALIZED_AUTOS = YES_AGGRESSIVE;
				GCC_WARN_UNUSED_FUNCTION = YES;
				GCC_WARN_UNUSED_VARIABLE = YES;
				IPHONEOS_DEPLOYMENT_TARGET = 16.2;
				MTL_ENABLE_DEBUG_INFO = NO;
				MTL_FAST_MATH = YES;
				SDKROOT = iphoneos;
				SWIFT_COMPILATION_MODE = wholemodule;
				SWIFT_OPTIMIZATION_LEVEL = "-O";
				VALIDATE_PRODUCT = YES;
			};
			name = Release;
		};
		C17DB44C29ED2CEE00AE16D0 /* Debug */ = {
			isa = XCBuildConfiguration;
			buildSettings = {
				ASSETCATALOG_COMPILER_APPICON_NAME = AppIcon;
				ASSETCATALOG_COMPILER_GLOBAL_ACCENT_COLOR_NAME = AccentColor;
				CODE_SIGN_STYLE = Automatic;
				CURRENT_PROJECT_VERSION = 1;
				DEVELOPMENT_TEAM = H8S669QNSJ;
				GENERATE_INFOPLIST_FILE = YES;
				INFOPLIST_FILE = DutchRijksMuseumApiClient/Info.plist;
				INFOPLIST_KEY_UIApplicationSupportsIndirectInputEvents = YES;
				INFOPLIST_KEY_UILaunchStoryboardName = LaunchScreen;
				INFOPLIST_KEY_UIMainStoryboardFile = "";
				INFOPLIST_KEY_UISupportedInterfaceOrientations = UIInterfaceOrientationPortrait;
				INFOPLIST_KEY_UISupportedInterfaceOrientations_iPad = "UIInterfaceOrientationLandscapeLeft UIInterfaceOrientationLandscapeRight UIInterfaceOrientationPortrait UIInterfaceOrientationPortraitUpsideDown";
				LD_RUNPATH_SEARCH_PATHS = (
					"$(inherited)",
					"@executable_path/Frameworks",
				);
				MARKETING_VERSION = 1.0;
				PRODUCT_BUNDLE_IDENTIFIER = com.alex.DutchRijksMuseumApiClient;
				PRODUCT_NAME = "$(TARGET_NAME)";
				SUPPORTED_PLATFORMS = "iphoneos iphonesimulator";
				SUPPORTS_MACCATALYST = NO;
				SUPPORTS_MAC_DESIGNED_FOR_IPHONE_IPAD = NO;
				SWIFT_EMIT_LOC_STRINGS = YES;
				SWIFT_VERSION = 5.0;
				TARGETED_DEVICE_FAMILY = 1;
			};
			name = Debug;
		};
		C17DB44D29ED2CEE00AE16D0 /* Release */ = {
			isa = XCBuildConfiguration;
			buildSettings = {
				ASSETCATALOG_COMPILER_APPICON_NAME = AppIcon;
				ASSETCATALOG_COMPILER_GLOBAL_ACCENT_COLOR_NAME = AccentColor;
				CODE_SIGN_STYLE = Automatic;
				CURRENT_PROJECT_VERSION = 1;
				DEVELOPMENT_TEAM = H8S669QNSJ;
				GENERATE_INFOPLIST_FILE = YES;
				INFOPLIST_FILE = DutchRijksMuseumApiClient/Info.plist;
				INFOPLIST_KEY_UIApplicationSupportsIndirectInputEvents = YES;
				INFOPLIST_KEY_UILaunchStoryboardName = LaunchScreen;
				INFOPLIST_KEY_UIMainStoryboardFile = "";
				INFOPLIST_KEY_UISupportedInterfaceOrientations = UIInterfaceOrientationPortrait;
				INFOPLIST_KEY_UISupportedInterfaceOrientations_iPad = "UIInterfaceOrientationLandscapeLeft UIInterfaceOrientationLandscapeRight UIInterfaceOrientationPortrait UIInterfaceOrientationPortraitUpsideDown";
				LD_RUNPATH_SEARCH_PATHS = (
					"$(inherited)",
					"@executable_path/Frameworks",
				);
				MARKETING_VERSION = 1.0;
				PRODUCT_BUNDLE_IDENTIFIER = com.alex.DutchRijksMuseumApiClient;
				PRODUCT_NAME = "$(TARGET_NAME)";
				SUPPORTED_PLATFORMS = "iphoneos iphonesimulator";
				SUPPORTS_MACCATALYST = NO;
				SUPPORTS_MAC_DESIGNED_FOR_IPHONE_IPAD = NO;
				SWIFT_EMIT_LOC_STRINGS = YES;
				SWIFT_VERSION = 5.0;
				TARGETED_DEVICE_FAMILY = 1;
			};
			name = Release;
		};
		C17DB44F29ED2CEE00AE16D0 /* Debug */ = {
			isa = XCBuildConfiguration;
			buildSettings = {
				ALWAYS_EMBED_SWIFT_STANDARD_LIBRARIES = YES;
				BUNDLE_LOADER = "$(TEST_HOST)";
				CODE_SIGN_STYLE = Automatic;
				CURRENT_PROJECT_VERSION = 1;
				DEVELOPMENT_TEAM = H8S669QNSJ;
				GENERATE_INFOPLIST_FILE = YES;
				IPHONEOS_DEPLOYMENT_TARGET = 16.2;
				MARKETING_VERSION = 1.0;
				PRODUCT_BUNDLE_IDENTIFIER = com.alex.DutchRijksMuseumApiClientTests;
				PRODUCT_NAME = "$(TARGET_NAME)";
				SWIFT_EMIT_LOC_STRINGS = NO;
				SWIFT_VERSION = 5.0;
				TARGETED_DEVICE_FAMILY = "1,2";
				TEST_HOST = "$(BUILT_PRODUCTS_DIR)/DutchRijksMuseumApiClient.app/$(BUNDLE_EXECUTABLE_FOLDER_PATH)/DutchRijksMuseumApiClient";
			};
			name = Debug;
		};
		C17DB45029ED2CEE00AE16D0 /* Release */ = {
			isa = XCBuildConfiguration;
			buildSettings = {
				ALWAYS_EMBED_SWIFT_STANDARD_LIBRARIES = YES;
				BUNDLE_LOADER = "$(TEST_HOST)";
				CODE_SIGN_STYLE = Automatic;
				CURRENT_PROJECT_VERSION = 1;
				DEVELOPMENT_TEAM = H8S669QNSJ;
				GENERATE_INFOPLIST_FILE = YES;
				IPHONEOS_DEPLOYMENT_TARGET = 16.2;
				MARKETING_VERSION = 1.0;
				PRODUCT_BUNDLE_IDENTIFIER = com.alex.DutchRijksMuseumApiClientTests;
				PRODUCT_NAME = "$(TARGET_NAME)";
				SWIFT_EMIT_LOC_STRINGS = NO;
				SWIFT_VERSION = 5.0;
				TARGETED_DEVICE_FAMILY = "1,2";
				TEST_HOST = "$(BUILT_PRODUCTS_DIR)/DutchRijksMuseumApiClient.app/$(BUNDLE_EXECUTABLE_FOLDER_PATH)/DutchRijksMuseumApiClient";
			};
			name = Release;
		};
		C17DB45229ED2CEE00AE16D0 /* Debug */ = {
			isa = XCBuildConfiguration;
			buildSettings = {
				ALWAYS_EMBED_SWIFT_STANDARD_LIBRARIES = YES;
				CODE_SIGN_STYLE = Automatic;
				CURRENT_PROJECT_VERSION = 1;
				DEVELOPMENT_TEAM = H8S669QNSJ;
				GENERATE_INFOPLIST_FILE = YES;
				MARKETING_VERSION = 1.0;
				PRODUCT_BUNDLE_IDENTIFIER = com.alex.DutchRijksMuseumApiClientUITests;
				PRODUCT_NAME = "$(TARGET_NAME)";
				SWIFT_EMIT_LOC_STRINGS = NO;
				SWIFT_VERSION = 5.0;
				TARGETED_DEVICE_FAMILY = "1,2";
				TEST_TARGET_NAME = DutchRijksMuseumApiClient;
			};
			name = Debug;
		};
		C17DB45329ED2CEE00AE16D0 /* Release */ = {
			isa = XCBuildConfiguration;
			buildSettings = {
				ALWAYS_EMBED_SWIFT_STANDARD_LIBRARIES = YES;
				CODE_SIGN_STYLE = Automatic;
				CURRENT_PROJECT_VERSION = 1;
				DEVELOPMENT_TEAM = H8S669QNSJ;
				GENERATE_INFOPLIST_FILE = YES;
				MARKETING_VERSION = 1.0;
				PRODUCT_BUNDLE_IDENTIFIER = com.alex.DutchRijksMuseumApiClientUITests;
				PRODUCT_NAME = "$(TARGET_NAME)";
				SWIFT_EMIT_LOC_STRINGS = NO;
				SWIFT_VERSION = 5.0;
				TARGETED_DEVICE_FAMILY = "1,2";
				TEST_TARGET_NAME = DutchRijksMuseumApiClient;
			};
			name = Release;
		};
/* End XCBuildConfiguration section */

/* Begin XCConfigurationList section */
		C17DB41C29ED2CED00AE16D0 /* Build configuration list for PBXProject "DutchRijksMuseumApiClient" */ = {
			isa = XCConfigurationList;
			buildConfigurations = (
				C17DB44929ED2CEE00AE16D0 /* Debug */,
				C17DB44A29ED2CEE00AE16D0 /* Release */,
			);
			defaultConfigurationIsVisible = 0;
			defaultConfigurationName = Release;
		};
		C17DB44B29ED2CEE00AE16D0 /* Build configuration list for PBXNativeTarget "DutchRijksMuseumApiClient" */ = {
			isa = XCConfigurationList;
			buildConfigurations = (
				C17DB44C29ED2CEE00AE16D0 /* Debug */,
				C17DB44D29ED2CEE00AE16D0 /* Release */,
			);
			defaultConfigurationIsVisible = 0;
			defaultConfigurationName = Release;
		};
		C17DB44E29ED2CEE00AE16D0 /* Build configuration list for PBXNativeTarget "DutchRijksMuseumApiClientTests" */ = {
			isa = XCConfigurationList;
			buildConfigurations = (
				C17DB44F29ED2CEE00AE16D0 /* Debug */,
				C17DB45029ED2CEE00AE16D0 /* Release */,
			);
			defaultConfigurationIsVisible = 0;
			defaultConfigurationName = Release;
		};
		C17DB45129ED2CEE00AE16D0 /* Build configuration list for PBXNativeTarget "DutchRijksMuseumApiClientUITests" */ = {
			isa = XCConfigurationList;
			buildConfigurations = (
				C17DB45229ED2CEE00AE16D0 /* Debug */,
				C17DB45329ED2CEE00AE16D0 /* Release */,
			);
			defaultConfigurationIsVisible = 0;
			defaultConfigurationName = Release;
		};
/* End XCConfigurationList section */
	};
	rootObject = C17DB41929ED2CED00AE16D0 /* Project object */;
}
